
Microsoft Visual Studio Solution File, Format Version 12.00
# Visual Studio 2013
Project("{FAE04EC0-301F-11D3-BF4B-00C04F79EFBC}") = "UnityVS.UnityLibrary.CSharp", "UnityVS.UnityLibrary.CSharp.csproj", "{27CD46CB-9D8F-EBCB-E691-FD298226A8B2}"
EndProject
Project("{FAE04EC0-301F-11D3-BF4B-00C04F79EFBC}") = "UnityVS.UnityLibrary.CSharp.Editor", "UnityVS.UnityLibrary.CSharp.Editor.csproj", "{CDAC9CB9-0F6F-9F72-7971-4E79ECF5A1E7}"
EndProject
Global
	GlobalSection(SolutionConfigurationPlatforms) = preSolution
		Debug|Any CPU = Debug|Any CPU
		Release|Any CPU = Release|Any CPU
	EndGlobalSection
	GlobalSection(ProjectConfigurationPlatforms) = postSolution
		{27CD46CB-9D8F-EBCB-E691-FD298226A8B2}.Debug|Any CPU.ActiveCfg = Debug|Any CPU
		{27CD46CB-9D8F-EBCB-E691-FD298226A8B2}.Debug|Any CPU.Build.0 = Debug|Any CPU
		{27CD46CB-9D8F-EBCB-E691-FD298226A8B2}.Release|Any CPU.ActiveCfg = Release|Any CPU
		{27CD46CB-9D8F-EBCB-E691-FD298226A8B2}.Release|Any CPU.Build.0 = Release|Any CPU
		{CDAC9CB9-0F6F-9F72-7971-4E79ECF5A1E7}.Debug|Any CPU.ActiveCfg = Debug|Any CPU
		{CDAC9CB9-0F6F-9F72-7971-4E79ECF5A1E7}.Debug|Any CPU.Build.0 = Debug|Any CPU
		{CDAC9CB9-0F6F-9F72-7971-4E79ECF5A1E7}.Release|Any CPU.ActiveCfg = Release|Any CPU
		{CDAC9CB9-0F6F-9F72-7971-4E79ECF5A1E7}.Release|Any CPU.Build.0 = Release|Any CPU
	EndGlobalSection
	GlobalSection(SolutionProperties) = preSolution
		HideSolutionNode = FALSE
	EndGlobalSection
EndGlobal
